
Microsoft Visual Studio Solution File, Format Version 12.00
# Visual Studio Version 16
VisualStudioVersion = 16.0.29709.97
MinimumVisualStudioVersion = 10.0.40219.1
Project("{FAE04EC0-301F-11D3-BF4B-00C04F79EFBC}") = "CapaDeAccesoADatos", "CapaDeAccesoADatos\CapaDeAccesoADatos.csproj", "{ED8BEB99-F2BF-4E81-ADF9-6AE4CFAEDB6D}"
EndProject
Project("{FAE04EC0-301F-11D3-BF4B-00C04F79EFBC}") = "CapaDeDominio", "CapaDeDominio\CapaDeDominio.csproj", "{D7B8B368-3F34-451B-8BBA-2C17184D1A52}"
EndProject
Project("{FAE04EC0-301F-11D3-BF4B-00C04F79EFBC}") = "CapaDePresentacion", "CapaDePresentacion\CapaDePresentacion.csproj", "{E4D993EA-89DA-4B4D-8AAB-4375C74E2463}"
EndProject
Global
	GlobalSection(SolutionConfigurationPlatforms) = preSolution
		Debug|Any CPU = Debug|Any CPU
		Release|Any CPU = Release|Any CPU
	EndGlobalSection
	GlobalSection(ProjectConfigurationPlatforms) = postSolution
		{ED8BEB99-F2BF-4E81-ADF9-6AE4CFAEDB6D}.Debug|Any CPU.ActiveCfg = Debug|Any CPU
		{ED8BEB99-F2BF-4E81-ADF9-6AE4CFAEDB6D}.Debug|Any CPU.Build.0 = Debug|Any CPU
		{ED8BEB99-F2BF-4E81-ADF9-6AE4CFAEDB6D}.Release|Any CPU.ActiveCfg = Release|Any CPU
		{ED8BEB99-F2BF-4E81-ADF9-6AE4CFAEDB6D}.Release|Any CPU.Build.0 = Release|Any CPU
		{D7B8B368-3F34-451B-8BBA-2C17184D1A52}.Debug|Any CPU.ActiveCfg = Debug|Any CPU
		{D7B8B368-3F34-451B-8BBA-2C17184D1A52}.Debug|Any CPU.Build.0 = Debug|Any CPU
		{D7B8B368-3F34-451B-8BBA-2C17184D1A52}.Release|Any CPU.ActiveCfg = Release|Any CPU
		{D7B8B368-3F34-451B-8BBA-2C17184D1A52}.Release|Any CPU.Build.0 = Release|Any CPU
		{E4D993EA-89DA-4B4D-8AAB-4375C74E2463}.Debug|Any CPU.ActiveCfg = Debug|Any CPU
		{E4D993EA-89DA-4B4D-8AAB-4375C74E2463}.Debug|Any CPU.Build.0 = Debug|Any CPU
		{E4D993EA-89DA-4B4D-8AAB-4375C74E2463}.Release|Any CPU.ActiveCfg = Release|Any CPU
		{E4D993EA-89DA-4B4D-8AAB-4375C74E2463}.Release|Any CPU.Build.0 = Release|Any CPU
	EndGlobalSection
	GlobalSection(SolutionProperties) = preSolution
		HideSolutionNode = FALSE
	EndGlobalSection
	GlobalSection(ExtensibilityGlobals) = postSolution
		SolutionGuid = {62005AB4-6570-4215-9256-9426E4698497}
	EndGlobalSection
EndGlobal
